
Microsoft Visual Studio Solution File, Format Version 12.00
Project("{2150E333-8FDC-42A3-9474-1A3956D46DE8}") = "Web", "Web", "{4550ACB0-847D-401F-A4F5-819097CF07AE}"
EndProject
Project("{2150E333-8FDC-42A3-9474-1A3956D46DE8}") = "Domain", "Domain", "{E1C4A9A9-269C-4105-9B66-C26844431DDF}"
EndProject
Project("{2150E333-8FDC-42A3-9474-1A3956D46DE8}") = "Data", "Data", "{30C26574-EF19-4EE7-9D6A-9A0BFA11EBBC}"
EndProject
Project("{FAE04EC0-301F-11D3-BF4B-00C04F79EFBC}") = "LongBox.WebHost", "Web\LongBox.WebHost\LongBox.WebHost.csproj", "{592AD6AE-8AB1-43A9-B1B9-C81460A0E9B6}"
EndProject
Project("{FAE04EC0-301F-11D3-BF4B-00C04F79EFBC}") = "LongBox.WebApp", "Web\LongBox.WebApp\LongBox.WebApp.csproj", "{CABDAE92-FCF7-4EB3-A2B3-8A5F6DAADFFF}"
EndProject
Project("{FAE04EC0-301F-11D3-BF4B-00C04F79EFBC}") = "LongBox.Domain.Contracts", "Domain\LongBox.Domain.Contracts\LongBox.Domain.Contracts.csproj", "{103A9CA4-CB00-4285-A885-456C8EAAE7DC}"
EndProject
Project("{FAE04EC0-301F-11D3-BF4B-00C04F79EFBC}") = "LongBox.Domain.Implementations", "Domain\LongBox.Domain.Implementations\LongBox.Domain.Implementations.csproj", "{5373DA72-C5DE-43C2-85D8-29C129E83432}"
EndProject
Project("{FAE04EC0-301F-11D3-BF4B-00C04F79EFBC}") = "LongBox.Data.Contracts", "Data\LongBox.Data.Contracts\LongBox.Data.Contracts.csproj", "{D3F6EDA4-065E-486B-9001-05C50E178B73}"
EndProject
Project("{FAE04EC0-301F-11D3-BF4B-00C04F79EFBC}") = "LongBox.Data.Implementations", "Data\LongBox.Data.Implementations\LongBox.Data.Implementations.csproj", "{BCEC644D-3B1C-470E-A862-D59EB5BCB98F}"
EndProject
Project("{FAE04EC0-301F-11D3-BF4B-00C04F79EFBC}") = "LongBox.Data.Migrations", "Data\LongBox.Data.Migrations\LongBox.Data.Migrations.csproj", "{4DE3E5BB-1120-4D5C-9706-CD099B57B91E}"
EndProject
Project("{2150E333-8FDC-42A3-9474-1A3956D46DE8}") = "Common", "Common", "{C82DC90D-090F-45F0-B628-4657582EA733}"
EndProject
Project("{2150E333-8FDC-42A3-9474-1A3956D46DE8}") = "CQRS", "CQRS", "{08E821C8-22BC-4909-B821-A16652A55EB7}"
EndProject
Project("{FAE04EC0-301F-11D3-BF4B-00C04F79EFBC}") = "Otreya.Common.Swagger", "Common\Otreya.Common.Swagger\Otreya.Common.Swagger.csproj", "{75F40785-39DC-4884-93ED-024AA45E1574}"
EndProject
Project("{FAE04EC0-301F-11D3-BF4B-00C04F79EFBC}") = "Otreya.Common.CQRS", "Common\CQRS\Otreya.Common.CQRS\Otreya.Common.CQRS.csproj", "{74089586-5769-4C22-8757-D70143BBA9DF}"
EndProject
Project("{FAE04EC0-301F-11D3-BF4B-00C04F79EFBC}") = "Otreya.Common.CQRS.Implementation.Net", "Common\CQRS\Otreya.Common.CQRS.Implementation.Net\Otreya.Common.CQRS.Implementation.Net.csproj", "{DC183D2C-8376-4B12-B35F-7351BB0EFF4C}"
EndProject
Project("{FAE04EC0-301F-11D3-BF4B-00C04F79EFBC}") = "Otreya.Common.Cqrs.Tests", "Common\CQRS\Otreya.Common.Cqrs.Tests\Otreya.Common.Cqrs.Tests.csproj", "{27F4B9D5-D3D5-4980-B668-A8354554517F}"
EndProject
Project("{2150E333-8FDC-42A3-9474-1A3956D46DE8}") = "Telegram", "Telegram", "{F74F0066-E7C0-4FBF-9EE9-EF56B181A8E8}"
EndProject
Project("{FAE04EC0-301F-11D3-BF4B-00C04F79EFBC}") = "LongBox.Telegram.WebApp", "Telegram\LongBox.Telegram.WebApp\LongBox.Telegram.WebApp.csproj", "{F3E1FF94-9F59-41DC-8AF0-D1141584111F}"
EndProject
Project("{FAE04EC0-301F-11D3-BF4B-00C04F79EFBC}") = "LongBox.Telegram.Domain", "Telegram\LongBox.Telegram.Domain\LongBox.Telegram.Domain.csproj", "{BF02E3A3-67D7-4450-9B0C-234D7B18ED77}"
EndProject
Project("{FAE04EC0-301F-11D3-BF4B-00C04F79EFBC}") = "LongBox.Telegram.Data", "Telegram\LongBox.Telegram.Data\LongBox.Telegram.Data.csproj", "{B2419D06-80E6-41C1-8BBC-4B8C6E0BD2C7}"
EndProject
Project("{FAE04EC0-301F-11D3-BF4B-00C04F79EFBC}") = "LongBox.Telegram.Data.Implementation", "Telegram\LongBox.Telegram.Data.Implementation\LongBox.Telegram.Data.Implementation.csproj", "{A8A61994-6A4D-4662-9668-F3D358448D64}"
EndProject
Project("{FAE04EC0-301F-11D3-BF4B-00C04F79EFBC}") = "LongBox.Telegram.Domain.Implementation", "Telegram\LongBox.Telegram.Domain.Implementation\LongBox.Telegram.Domain.Implementation.csproj", "{1E131D3F-A3FE-45C2-B523-C325592E0039}"
EndProject
Global
	GlobalSection(SolutionConfigurationPlatforms) = preSolution
		Debug|Any CPU = Debug|Any CPU
		Release|Any CPU = Release|Any CPU
	EndGlobalSection
	GlobalSection(ProjectConfigurationPlatforms) = postSolution
		{592AD6AE-8AB1-43A9-B1B9-C81460A0E9B6}.Debug|Any CPU.ActiveCfg = Debug|Any CPU
		{592AD6AE-8AB1-43A9-B1B9-C81460A0E9B6}.Debug|Any CPU.Build.0 = Debug|Any CPU
		{592AD6AE-8AB1-43A9-B1B9-C81460A0E9B6}.Release|Any CPU.ActiveCfg = Release|Any CPU
		{592AD6AE-8AB1-43A9-B1B9-C81460A0E9B6}.Release|Any CPU.Build.0 = Release|Any CPU
		{CABDAE92-FCF7-4EB3-A2B3-8A5F6DAADFFF}.Debug|Any CPU.ActiveCfg = Debug|Any CPU
		{CABDAE92-FCF7-4EB3-A2B3-8A5F6DAADFFF}.Debug|Any CPU.Build.0 = Debug|Any CPU
		{CABDAE92-FCF7-4EB3-A2B3-8A5F6DAADFFF}.Release|Any CPU.ActiveCfg = Release|Any CPU
		{CABDAE92-FCF7-4EB3-A2B3-8A5F6DAADFFF}.Release|Any CPU.Build.0 = Release|Any CPU
		{103A9CA4-CB00-4285-A885-456C8EAAE7DC}.Debug|Any CPU.ActiveCfg = Debug|Any CPU
		{103A9CA4-CB00-4285-A885-456C8EAAE7DC}.Debug|Any CPU.Build.0 = Debug|Any CPU
		{103A9CA4-CB00-4285-A885-456C8EAAE7DC}.Release|Any CPU.ActiveCfg = Release|Any CPU
		{103A9CA4-CB00-4285-A885-456C8EAAE7DC}.Release|Any CPU.Build.0 = Release|Any CPU
		{5373DA72-C5DE-43C2-85D8-29C129E83432}.Debug|Any CPU.ActiveCfg = Debug|Any CPU
		{5373DA72-C5DE-43C2-85D8-29C129E83432}.Debug|Any CPU.Build.0 = Debug|Any CPU
		{5373DA72-C5DE-43C2-85D8-29C129E83432}.Release|Any CPU.ActiveCfg = Release|Any CPU
		{5373DA72-C5DE-43C2-85D8-29C129E83432}.Release|Any CPU.Build.0 = Release|Any CPU
		{D3F6EDA4-065E-486B-9001-05C50E178B73}.Debug|Any CPU.ActiveCfg = Debug|Any CPU
		{D3F6EDA4-065E-486B-9001-05C50E178B73}.Debug|Any CPU.Build.0 = Debug|Any CPU
		{D3F6EDA4-065E-486B-9001-05C50E178B73}.Release|Any CPU.ActiveCfg = Release|Any CPU
		{D3F6EDA4-065E-486B-9001-05C50E178B73}.Release|Any CPU.Build.0 = Release|Any CPU
		{BCEC644D-3B1C-470E-A862-D59EB5BCB98F}.Debug|Any CPU.ActiveCfg = Debug|Any CPU
		{BCEC644D-3B1C-470E-A862-D59EB5BCB98F}.Debug|Any CPU.Build.0 = Debug|Any CPU
		{BCEC644D-3B1C-470E-A862-D59EB5BCB98F}.Release|Any CPU.ActiveCfg = Release|Any CPU
		{BCEC644D-3B1C-470E-A862-D59EB5BCB98F}.Release|Any CPU.Build.0 = Release|Any CPU
		{4DE3E5BB-1120-4D5C-9706-CD099B57B91E}.Debug|Any CPU.ActiveCfg = Debug|Any CPU
		{4DE3E5BB-1120-4D5C-9706-CD099B57B91E}.Debug|Any CPU.Build.0 = Debug|Any CPU
		{4DE3E5BB-1120-4D5C-9706-CD099B57B91E}.Release|Any CPU.ActiveCfg = Release|Any CPU
		{4DE3E5BB-1120-4D5C-9706-CD099B57B91E}.Release|Any CPU.Build.0 = Release|Any CPU
		{75F40785-39DC-4884-93ED-024AA45E1574}.Debug|Any CPU.ActiveCfg = Debug|Any CPU
		{75F40785-39DC-4884-93ED-024AA45E1574}.Debug|Any CPU.Build.0 = Debug|Any CPU
		{75F40785-39DC-4884-93ED-024AA45E1574}.Release|Any CPU.ActiveCfg = Release|Any CPU
		{75F40785-39DC-4884-93ED-024AA45E1574}.Release|Any CPU.Build.0 = Release|Any CPU
		{74089586-5769-4C22-8757-D70143BBA9DF}.Debug|Any CPU.ActiveCfg = Debug|Any CPU
		{74089586-5769-4C22-8757-D70143BBA9DF}.Debug|Any CPU.Build.0 = Debug|Any CPU
		{74089586-5769-4C22-8757-D70143BBA9DF}.Release|Any CPU.ActiveCfg = Release|Any CPU
		{74089586-5769-4C22-8757-D70143BBA9DF}.Release|Any CPU.Build.0 = Release|Any CPU
		{DC183D2C-8376-4B12-B35F-7351BB0EFF4C}.Debug|Any CPU.ActiveCfg = Debug|Any CPU
		{DC183D2C-8376-4B12-B35F-7351BB0EFF4C}.Debug|Any CPU.Build.0 = Debug|Any CPU
		{DC183D2C-8376-4B12-B35F-7351BB0EFF4C}.Release|Any CPU.ActiveCfg = Release|Any CPU
		{DC183D2C-8376-4B12-B35F-7351BB0EFF4C}.Release|Any CPU.Build.0 = Release|Any CPU
		{27F4B9D5-D3D5-4980-B668-A8354554517F}.Debug|Any CPU.ActiveCfg = Debug|Any CPU
		{27F4B9D5-D3D5-4980-B668-A8354554517F}.Debug|Any CPU.Build.0 = Debug|Any CPU
		{27F4B9D5-D3D5-4980-B668-A8354554517F}.Release|Any CPU.ActiveCfg = Release|Any CPU
		{27F4B9D5-D3D5-4980-B668-A8354554517F}.Release|Any CPU.Build.0 = Release|Any CPU
		{F3E1FF94-9F59-41DC-8AF0-D1141584111F}.Debug|Any CPU.ActiveCfg = Debug|Any CPU
		{F3E1FF94-9F59-41DC-8AF0-D1141584111F}.Debug|Any CPU.Build.0 = Debug|Any CPU
		{F3E1FF94-9F59-41DC-8AF0-D1141584111F}.Release|Any CPU.ActiveCfg = Release|Any CPU
		{F3E1FF94-9F59-41DC-8AF0-D1141584111F}.Release|Any CPU.Build.0 = Release|Any CPU
		{BF02E3A3-67D7-4450-9B0C-234D7B18ED77}.Debug|Any CPU.ActiveCfg = Debug|Any CPU
		{BF02E3A3-67D7-4450-9B0C-234D7B18ED77}.Debug|Any CPU.Build.0 = Debug|Any CPU
		{BF02E3A3-67D7-4450-9B0C-234D7B18ED77}.Release|Any CPU.ActiveCfg = Release|Any CPU
		{BF02E3A3-67D7-4450-9B0C-234D7B18ED77}.Release|Any CPU.Build.0 = Release|Any CPU
		{B2419D06-80E6-41C1-8BBC-4B8C6E0BD2C7}.Debug|Any CPU.ActiveCfg = Debug|Any CPU
		{B2419D06-80E6-41C1-8BBC-4B8C6E0BD2C7}.Debug|Any CPU.Build.0 = Debug|Any CPU
		{B2419D06-80E6-41C1-8BBC-4B8C6E0BD2C7}.Release|Any CPU.ActiveCfg = Release|Any CPU
		{B2419D06-80E6-41C1-8BBC-4B8C6E0BD2C7}.Release|Any CPU.Build.0 = Release|Any CPU
		{A8A61994-6A4D-4662-9668-F3D358448D64}.Debug|Any CPU.ActiveCfg = Debug|Any CPU
		{A8A61994-6A4D-4662-9668-F3D358448D64}.Debug|Any CPU.Build.0 = Debug|Any CPU
		{A8A61994-6A4D-4662-9668-F3D358448D64}.Release|Any CPU.ActiveCfg = Release|Any CPU
		{A8A61994-6A4D-4662-9668-F3D358448D64}.Release|Any CPU.Build.0 = Release|Any CPU
		{1E131D3F-A3FE-45C2-B523-C325592E0039}.Debug|Any CPU.ActiveCfg = Debug|Any CPU
		{1E131D3F-A3FE-45C2-B523-C325592E0039}.Debug|Any CPU.Build.0 = Debug|Any CPU
		{1E131D3F-A3FE-45C2-B523-C325592E0039}.Release|Any CPU.ActiveCfg = Release|Any CPU
		{1E131D3F-A3FE-45C2-B523-C325592E0039}.Release|Any CPU.Build.0 = Release|Any CPU
	EndGlobalSection
	GlobalSection(NestedProjects) = preSolution
		{592AD6AE-8AB1-43A9-B1B9-C81460A0E9B6} = {4550ACB0-847D-401F-A4F5-819097CF07AE}
		{CABDAE92-FCF7-4EB3-A2B3-8A5F6DAADFFF} = {4550ACB0-847D-401F-A4F5-819097CF07AE}
		{103A9CA4-CB00-4285-A885-456C8EAAE7DC} = {E1C4A9A9-269C-4105-9B66-C26844431DDF}
		{5373DA72-C5DE-43C2-85D8-29C129E83432} = {E1C4A9A9-269C-4105-9B66-C26844431DDF}
		{D3F6EDA4-065E-486B-9001-05C50E178B73} = {30C26574-EF19-4EE7-9D6A-9A0BFA11EBBC}
		{BCEC644D-3B1C-470E-A862-D59EB5BCB98F} = {30C26574-EF19-4EE7-9D6A-9A0BFA11EBBC}
		{4DE3E5BB-1120-4D5C-9706-CD099B57B91E} = {30C26574-EF19-4EE7-9D6A-9A0BFA11EBBC}
		{08E821C8-22BC-4909-B821-A16652A55EB7} = {C82DC90D-090F-45F0-B628-4657582EA733}
		{75F40785-39DC-4884-93ED-024AA45E1574} = {C82DC90D-090F-45F0-B628-4657582EA733}
		{74089586-5769-4C22-8757-D70143BBA9DF} = {08E821C8-22BC-4909-B821-A16652A55EB7}
		{DC183D2C-8376-4B12-B35F-7351BB0EFF4C} = {08E821C8-22BC-4909-B821-A16652A55EB7}
		{27F4B9D5-D3D5-4980-B668-A8354554517F} = {08E821C8-22BC-4909-B821-A16652A55EB7}
		{F3E1FF94-9F59-41DC-8AF0-D1141584111F} = {F74F0066-E7C0-4FBF-9EE9-EF56B181A8E8}
		{BF02E3A3-67D7-4450-9B0C-234D7B18ED77} = {F74F0066-E7C0-4FBF-9EE9-EF56B181A8E8}
		{B2419D06-80E6-41C1-8BBC-4B8C6E0BD2C7} = {F74F0066-E7C0-4FBF-9EE9-EF56B181A8E8}
		{A8A61994-6A4D-4662-9668-F3D358448D64} = {F74F0066-E7C0-4FBF-9EE9-EF56B181A8E8}
		{1E131D3F-A3FE-45C2-B523-C325592E0039} = {F74F0066-E7C0-4FBF-9EE9-EF56B181A8E8}
	EndGlobalSection
EndGlobal
